
Microsoft Visual Studio Solution File, Format Version 12.00
# Visual Studio Version 17
VisualStudioVersion = 17.1.32319.34
MinimumVisualStudioVersion = 10.0.40219.1
Project("{FAE04EC0-301F-11D3-BF4B-00C04F79EFBC}") = "BookStory", "BookStory\BookStory.csproj", "{15BD205C-8417-4C5A-87C3-7A18AD6C0338}"
EndProject
Global
	GlobalSection(SolutionConfigurationPlatforms) = preSolution
		Debug|Any CPU = Debug|Any CPU
		Release|Any CPU = Release|Any CPU
	EndGlobalSection
	GlobalSection(ProjectConfigurationPlatforms) = postSolution
		{15BD205C-8417-4C5A-87C3-7A18AD6C0338}.Debug|Any CPU.ActiveCfg = Debug|Any CPU
		{15BD205C-8417-4C5A-87C3-7A18AD6C0338}.Debug|Any CPU.Build.0 = Debug|Any CPU
		{15BD205C-8417-4C5A-87C3-7A18AD6C0338}.Release|Any CPU.ActiveCfg = Release|Any CPU
		{15BD205C-8417-4C5A-87C3-7A18AD6C0338}.Release|Any CPU.Build.0 = Release|Any CPU
	EndGlobalSection
	GlobalSection(SolutionProperties) = preSolution
		HideSolutionNode = FALSE
	EndGlobalSection
	GlobalSection(ExtensibilityGlobals) = postSolution
		SolutionGuid = {87229367-DF8F-4263-B13A-71F24F7148EA}
	EndGlobalSection
EndGlobal
